{
  "name": "bedrockdb",
  "version": "1.0.0",
  "lockfileVersion": 3,
  "requires": true,
  "packages": {
    "": {
      "name": "bedrockdb",
      "version": "1.0.0",
      "license": "MIT",
      "dependencies": {
        "@minecraft/server": "^2.2.0",
        "typescript": "^5.9.3"
      }
    },
    "node_modules/@minecraft/common": {
      "version": "1.2.0",
      "resolved": "https://registry.npmjs.org/@minecraft/common/-/common-1.2.0.tgz",
      "integrity": "sha512-JdmEq4P3Z/FtoBzhLijFgMSVFnFRrUoLwY8DHHrgtFo0mfLTOLTB1RErYjLMsA6b7BGVNxkX/pfFRiH7QZ0XwQ==",
      "license": "MIT",
      "peer": true
    },
    "node_modules/@minecraft/server": {
      "version": "2.2.0",
      "resolved": "https://registry.npmjs.org/@minecraft/server/-/server-2.2.0.tgz",
      "integrity": "sha512-Tn+Sr7IK71LptVOumTSWWXpjYgCqgCCwB8BosnU1fUltJV3JsNTnRtQMHlzQwSDGwTF0P0HJFhDALoOMlG/j2Q==",
      "license": "MIT",
      "peerDependencies": {
        "@minecraft/common": "^1.2.0",
        "@minecraft/vanilla-data": ">=1.20.70"
      }
    },
    "node_modules/@minecraft/vanilla-data": {
      "version": "1.21.114",
      "resolved": "https://registry.npmjs.org/@minecraft/vanilla-data/-/vanilla-data-1.21.114.tgz",
      "integrity": "sha512-FQiJ0YHIK/bGJvyndnXb/Mv6Bfiu4KNeh0jcX3E7SqPfgdlFgkERaw9ptMsiBo3PJXOdkLMLMNXqfqL6xEGHUw==",
      "license": "MIT",
      "peer": true
    },
    "node_modules/typescript": {
      "version": "5.9.3",
      "resolved": "https://registry.npmjs.org/typescript/-/typescript-5.9.3.tgz",
      "integrity": "sha512-jl1vZzPDinLr9eUt3J/t7V6FgNEw9QjvBPdysz9KfQDD41fQrC2Y4vKQdiaUpFT4bXlb1RHhLpp8wtm6M5TgSw==",
      "license": "Apache-2.0",
      "bin": {
        "tsc": "bin/tsc",
        "tsserver": "bin/tsserver"
      },
      "engines": {
        "node": ">=14.17"
      }
    }
  }
}
